
Microsoft Visual Studio Solution File, Format Version 12.00
# Visual Studio Version 17
VisualStudioVersion = 17.0.31612.314
MinimumVisualStudioVersion = 10.0.40219.1
Project("{FAE04EC0-301F-11D3-BF4B-00C04F79EFBC}") = "VertexCover", "VertexCover\VertexCover.csproj", "{9C83ED86-5504-4E5C-8B46-4E34958765F6}"
EndProject
Global
	GlobalSection(SolutionConfigurationPlatforms) = preSolution
		Debug|Any CPU = Debug|Any CPU
		Release|Any CPU = Release|Any CPU
	EndGlobalSection
	GlobalSection(ProjectConfigurationPlatforms) = postSolution
		{9C83ED86-5504-4E5C-8B46-4E34958765F6}.Debug|Any CPU.ActiveCfg = Debug|Any CPU
		{9C83ED86-5504-4E5C-8B46-4E34958765F6}.Debug|Any CPU.Build.0 = Debug|Any CPU
		{9C83ED86-5504-4E5C-8B46-4E34958765F6}.Release|Any CPU.ActiveCfg = Release|Any CPU
		{9C83ED86-5504-4E5C-8B46-4E34958765F6}.Release|Any CPU.Build.0 = Release|Any CPU
	EndGlobalSection
	GlobalSection(SolutionProperties) = preSolution
		HideSolutionNode = FALSE
	EndGlobalSection
	GlobalSection(ExtensibilityGlobals) = postSolution
		SolutionGuid = {2479FB30-3C57-49E8-BCF3-720328F7E95E}
	EndGlobalSection
EndGlobal
